// !$*UTF8*$!
{
	archiveVersion = 1;
	classes = {
	};
	objectVersion = 46;
	objects = {

/* Begin PBXBuildFile section */
		2BC6CABB154C641A00D3F348 /* main.c in Sources */ = {isa = PBXBuildFile; fileRef = 2BC6CABA154C641A00D3F348 /* main.c */; };
		2BC6CABD154C641A00D3F348 /* _20120429_8__comm1.1 in CopyFiles */ = {isa = PBXBuildFile; fileRef = 2BC6CABC154C641A00D3F348 /* _20120429_8__comm1.1 */; };
/* End PBXBuildFile section */

/* Begin PBXCopyFilesBuildPhase section */
		2BC6CAB4154C641A00D3F348 /* CopyFiles */ = {
			isa = PBXCopyFilesBuildPhase;
			buildActionMask = 2147483647;
			dstPath = /usr/share/man/man1/;
			dstSubfolderSpec = 0;
			files = (
				2BC6CABD154C641A00D3F348 /* _20120429_8__comm1.1 in CopyFiles */,
			);
			runOnlyForDeploymentPostprocessing = 1;
		};
/* End PBXCopyFilesBuildPhase section */

/* Begin PBXFileReference section */
		2BC6CAB6154C641A00D3F348 /* [20120429-8] comm1 */ = {isa = PBXFileReference; explicitFileType = "compiled.mach-o.executable"; includeInIndex = 0; path = "[20120429-8] comm1"; sourceTree = BUILT_PRODUCTS_DIR; };
		2BC6CABA154C641A00D3F348 /* main.c */ = {isa = PBXFileReference; lastKnownFileType = sourcecode.c.c; path = main.c; sourceTree = "<group>"; };
		2BC6CABC154C641A00D3F348 /* _20120429_8__comm1.1 */ = {isa = PBXFileReference; lastKnownFileType = text.man; path = _20120429_8__comm1.1; sourceTree = "<group>"; };
/* End PBXFileReference section */

/* Begin PBXFrameworksBuildPhase section */
		2BC6CAB3154C641A00D3F348 /* Frameworks */ = {
			isa = PBXFrameworksBuildPhase;
			buildActionMask = 2147483647;
			files = (
			);
			runOnlyForDeploymentPostprocessing = 0;
		};
/* End PBXFrameworksBuildPhase section */

/* Begin PBXGroup section */
		2BC6CAAB154C641A00D3F348 = {
			isa = PBXGroup;
			children = (
				2BC6CAB9154C641A00D3F348 /* [20120429-8] comm1 */,
				2BC6CAB7154C641A00D3F348 /* Products */,
			);
			sourceTree = "<group>";
		};
		2BC6CAB7154C641A00D3F348 /* Products */ = {
			isa = PBXGroup;
			children = (
				2BC6CAB6154C641A00D3F348 /* [20120429-8] comm1 */,
			);
			name = Products;
			sourceTree = "<group>";
		};
		2BC6CAB9154C641A00D3F348 /* [20120429-8] comm1 */ = {
			isa = PBXGroup;
			children = (
				2BC6CABA154C641A00D3F348 /* main.c */,
				2BC6CABC154C641A00D3F348 /* _20120429_8__comm1.1 */,
			);
			path = "[20120429-8] comm1";
			sourceTree = "<group>";
		};
/* End PBXGroup section */

/* Begin PBXNativeTarget section */
		2BC6CAB5154C641A00D3F348 /* [20120429-8] comm1 */ = {
			isa = PBXNativeTarget;
			buildConfigurationList = 2BC6CAC0154C641A00D3F348 /* Build configuration list for PBXNativeTarget "[20120429-8] comm1" */;
			buildPhases = (
				2BC6CAB2154C641A00D3F348 /* Sources */,
				2BC6CAB3154C641A00D3F348 /* Frameworks */,
				2BC6CAB4154C641A00D3F348 /* CopyFiles */,
			);
			buildRules = (
			);
			dependencies = (
			);
			name = "[20120429-8] comm1";
			productName = "[20120429-8] comm1";
			productReference = 2BC6CAB6154C641A00D3F348 /* [20120429-8] comm1 */;
			productType = "com.apple.product-type.tool";
		};
/* End PBXNativeTarget section */

/* Begin PBXProject section */
		2BC6CAAD154C641A00D3F348 /* Project object */ = {
			isa = PBXProject;
			attributes = {
				LastUpgradeCheck = 0430;
				ORGANIZATIONNAME = "家族";
			};
			buildConfigurationList = 2BC6CAB0154C641A00D3F348 /* Build configuration list for PBXProject "[20120429-8] comm1" */;
			compatibilityVersion = "Xcode 3.2";
			developmentRegion = English;
			hasScannedForEncodings = 0;
			knownRegions = (
				en,
			);
			mainGroup = 2BC6CAAB154C641A00D3F348;
			productRefGroup = 2BC6CAB7154C641A00D3F348 /* Products */;
			projectDirPath = "";
			projectRoot = "";
			targets = (
				2BC6CAB5154C641A00D3F348 /* [20120429-8] comm1 */,
			);
		};
/* End PBXProject section */

/* Begin PBXSourcesBuildPhase section */
		2BC6CAB2154C641A00D3F348 /* Sources */ = {
			isa = PBXSourcesBuildPhase;
			buildActionMask = 2147483647;
			files = (
				2BC6CABB154C641A00D3F348 /* main.c in Sources */,
			);
			runOnlyForDeploymentPostprocessing = 0;
		};
/* End PBXSourcesBuildPhase section */

/* Begin XCBuildConfiguration section */
		2BC6CABE154C641A00D3F348 /* Debug */ = {
			isa = XCBuildConfiguration;
			buildSettings = {
				ALWAYS_SEARCH_USER_PATHS = NO;
				ARCHS = "$(ARCHS_STANDARD_64_BIT)";
				CLANG_ENABLE_OBJC_ARC = YES;
				COPY_PHASE_STRIP = NO;
				GCC_C_LANGUAGE_STANDARD = gnu99;
				GCC_DYNAMIC_NO_PIC = NO;
				GCC_ENABLE_OBJC_EXCEPTIONS = YES;
				GCC_OPTIMIZATION_LEVEL = 0;
				GCC_PREPROCESSOR_DEFINITIONS = (
					"DEBUG=1",
					"$(inherited)",
				);
				GCC_SYMBOLS_PRIVATE_EXTERN = NO;
				GCC_VERSION = com.apple.compilers.llvm.clang.1_0;
				GCC_WARN_64_TO_32_BIT_CONVERSION = YES;
				GCC_WARN_ABOUT_RETURN_TYPE = YES;
				GCC_WARN_UNINITIALIZED_AUTOS = YES;
				GCC_WARN_UNUSED_VARIABLE = YES;
				MACOSX_DEPLOYMENT_TARGET = 10.7;
				ONLY_ACTIVE_ARCH = YES;
				SDKROOT = macosx;
			};
			name = Debug;
		};
		2BC6CABF154C641A00D3F348 /* Release */ = {
			isa = XCBuildConfiguration;
			buildSettings = {
				ALWAYS_SEARCH_USER_PATHS = NO;
				ARCHS = "$(ARCHS_STANDARD_64_BIT)";
				CLANG_ENABLE_OBJC_ARC = YES;
				COPY_PHASE_STRIP = YES;
				DEBUG_INFORMATION_FORMAT = "dwarf-with-dsym";
				GCC_C_LANGUAGE_STANDARD = gnu99;
				GCC_ENABLE_OBJC_EXCEPTIONS = YES;
				GCC_VERSION = com.apple.compilers.llvm.clang.1_0;
				GCC_WARN_64_TO_32_BIT_CONVERSION = YES;
				GCC_WARN_ABOUT_RETURN_TYPE = YES;
				GCC_WARN_UNINITIALIZED_AUTOS = YES;
				GCC_WARN_UNUSED_VARIABLE = YES;
				MACOSX_DEPLOYMENT_TARGET = 10.7;
				SDKROOT = macosx;
			};
			name = Release;
		};
		2BC6CAC1154C641A00D3F348 /* Debug */ = {
			isa = XCBuildConfiguration;
			buildSettings = {
				PRODUCT_NAME = "$(TARGET_NAME)";
			};
			name = Debug;
		};
		2BC6CAC2154C641A00D3F348 /* Release */ = {
			isa = XCBuildConfiguration;
			buildSettings = {
				PRODUCT_NAME = "$(TARGET_NAME)";
			};
			name = Release;
		};
/* End XCBuildConfiguration section */

/* Begin XCConfigurationList section */
		2BC6CAB0154C641A00D3F348 /* Build configuration list for PBXProject "[20120429-8] comm1" */ = {
			isa = XCConfigurationList;
			buildConfigurations = (
				2BC6CABE154C641A00D3F348 /* Debug */,
				2BC6CABF154C641A00D3F348 /* Release */,
			);
			defaultConfigurationIsVisible = 0;
			defaultConfigurationName = Release;
		};
		2BC6CAC0154C641A00D3F348 /* Build configuration list for PBXNativeTarget "[20120429-8] comm1" */ = {
			isa = XCConfigurationList;
			buildConfigurations = (
				2BC6CAC1154C641A00D3F348 /* Debug */,
				2BC6CAC2154C641A00D3F348 /* Release */,
			);
			defaultConfigurationIsVisible = 0;
		};
/* End XCConfigurationList section */
	};
	rootObject = 2BC6CAAD154C641A00D3F348 /* Project object */;
}
