// !$*UTF8*$!
{
	archiveVersion = 1;
	classes = {
	};
	objectVersion = 46;
	objects = {

/* Begin PBXBuildFile section */
		2B3CCEB3153BCA540089E52B /* main.c in Sources */ = {isa = PBXBuildFile; fileRef = 2B3CCEB2153BCA540089E52B /* main.c */; };
		2B3CCEB5153BCA540089E52B /* _20120416__command.1 in CopyFiles */ = {isa = PBXBuildFile; fileRef = 2B3CCEB4153BCA540089E52B /* _20120416__command.1 */; };
/* End PBXBuildFile section */

/* Begin PBXCopyFilesBuildPhase section */
		2B3CCEAC153BCA540089E52B /* CopyFiles */ = {
			isa = PBXCopyFilesBuildPhase;
			buildActionMask = 2147483647;
			dstPath = /usr/share/man/man1/;
			dstSubfolderSpec = 0;
			files = (
				2B3CCEB5153BCA540089E52B /* _20120416__command.1 in CopyFiles */,
			);
			runOnlyForDeploymentPostprocessing = 1;
		};
/* End PBXCopyFilesBuildPhase section */

/* Begin PBXFileReference section */
		2B3CCEAE153BCA540089E52B /* [20120416] command */ = {isa = PBXFileReference; explicitFileType = "compiled.mach-o.executable"; includeInIndex = 0; path = "[20120416] command"; sourceTree = BUILT_PRODUCTS_DIR; };
		2B3CCEB2153BCA540089E52B /* main.c */ = {isa = PBXFileReference; lastKnownFileType = sourcecode.c.c; path = main.c; sourceTree = "<group>"; };
		2B3CCEB4153BCA540089E52B /* _20120416__command.1 */ = {isa = PBXFileReference; lastKnownFileType = text.man; path = _20120416__command.1; sourceTree = "<group>"; };
/* End PBXFileReference section */

/* Begin PBXFrameworksBuildPhase section */
		2B3CCEAB153BCA540089E52B /* Frameworks */ = {
			isa = PBXFrameworksBuildPhase;
			buildActionMask = 2147483647;
			files = (
			);
			runOnlyForDeploymentPostprocessing = 0;
		};
/* End PBXFrameworksBuildPhase section */

/* Begin PBXGroup section */
		2B3CCEA3153BCA540089E52B = {
			isa = PBXGroup;
			children = (
				2B3CCEB1153BCA540089E52B /* [20120416] command */,
				2B3CCEAF153BCA540089E52B /* Products */,
			);
			sourceTree = "<group>";
		};
		2B3CCEAF153BCA540089E52B /* Products */ = {
			isa = PBXGroup;
			children = (
				2B3CCEAE153BCA540089E52B /* [20120416] command */,
			);
			name = Products;
			sourceTree = "<group>";
		};
		2B3CCEB1153BCA540089E52B /* [20120416] command */ = {
			isa = PBXGroup;
			children = (
				2B3CCEB2153BCA540089E52B /* main.c */,
				2B3CCEB4153BCA540089E52B /* _20120416__command.1 */,
			);
			path = "[20120416] command";
			sourceTree = "<group>";
		};
/* End PBXGroup section */

/* Begin PBXNativeTarget section */
		2B3CCEAD153BCA540089E52B /* [20120416] command */ = {
			isa = PBXNativeTarget;
			buildConfigurationList = 2B3CCEB8153BCA540089E52B /* Build configuration list for PBXNativeTarget "[20120416] command" */;
			buildPhases = (
				2B3CCEAA153BCA540089E52B /* Sources */,
				2B3CCEAB153BCA540089E52B /* Frameworks */,
				2B3CCEAC153BCA540089E52B /* CopyFiles */,
			);
			buildRules = (
			);
			dependencies = (
			);
			name = "[20120416] command";
			productName = "[20120416] command";
			productReference = 2B3CCEAE153BCA540089E52B /* [20120416] command */;
			productType = "com.apple.product-type.tool";
		};
/* End PBXNativeTarget section */

/* Begin PBXProject section */
		2B3CCEA5153BCA540089E52B /* Project object */ = {
			isa = PBXProject;
			attributes = {
				LastUpgradeCheck = 0420;
				ORGANIZATIONNAME = "家族";
			};
			buildConfigurationList = 2B3CCEA8153BCA540089E52B /* Build configuration list for PBXProject "[20120416] command" */;
			compatibilityVersion = "Xcode 3.2";
			developmentRegion = English;
			hasScannedForEncodings = 0;
			knownRegions = (
				en,
			);
			mainGroup = 2B3CCEA3153BCA540089E52B;
			productRefGroup = 2B3CCEAF153BCA540089E52B /* Products */;
			projectDirPath = "";
			projectRoot = "";
			targets = (
				2B3CCEAD153BCA540089E52B /* [20120416] command */,
			);
		};
/* End PBXProject section */

/* Begin PBXSourcesBuildPhase section */
		2B3CCEAA153BCA540089E52B /* Sources */ = {
			isa = PBXSourcesBuildPhase;
			buildActionMask = 2147483647;
			files = (
				2B3CCEB3153BCA540089E52B /* main.c in Sources */,
			);
			runOnlyForDeploymentPostprocessing = 0;
		};
/* End PBXSourcesBuildPhase section */

/* Begin XCBuildConfiguration section */
		2B3CCEB6153BCA540089E52B /* Debug */ = {
			isa = XCBuildConfiguration;
			buildSettings = {
				ALWAYS_SEARCH_USER_PATHS = NO;
				ARCHS = "$(ARCHS_STANDARD_64_BIT)";
				CLANG_ENABLE_OBJC_ARC = YES;
				COPY_PHASE_STRIP = NO;
				GCC_C_LANGUAGE_STANDARD = gnu99;
				GCC_DYNAMIC_NO_PIC = NO;
				GCC_ENABLE_OBJC_EXCEPTIONS = YES;
				GCC_OPTIMIZATION_LEVEL = 0;
				GCC_PREPROCESSOR_DEFINITIONS = (
					"DEBUG=1",
					"$(inherited)",
				);
				GCC_SYMBOLS_PRIVATE_EXTERN = NO;
				GCC_VERSION = com.apple.compilers.llvm.clang.1_0;
				GCC_WARN_64_TO_32_BIT_CONVERSION = YES;
				GCC_WARN_ABOUT_MISSING_PROTOTYPES = YES;
				GCC_WARN_ABOUT_RETURN_TYPE = YES;
				GCC_WARN_UNUSED_VARIABLE = YES;
				MACOSX_DEPLOYMENT_TARGET = 10.7;
				ONLY_ACTIVE_ARCH = YES;
				SDKROOT = macosx;
			};
			name = Debug;
		};
		2B3CCEB7153BCA540089E52B /* Release */ = {
			isa = XCBuildConfiguration;
			buildSettings = {
				ALWAYS_SEARCH_USER_PATHS = NO;
				ARCHS = "$(ARCHS_STANDARD_64_BIT)";
				CLANG_ENABLE_OBJC_ARC = YES;
				COPY_PHASE_STRIP = YES;
				DEBUG_INFORMATION_FORMAT = "dwarf-with-dsym";
				GCC_C_LANGUAGE_STANDARD = gnu99;
				GCC_ENABLE_OBJC_EXCEPTIONS = YES;
				GCC_VERSION = com.apple.compilers.llvm.clang.1_0;
				GCC_WARN_64_TO_32_BIT_CONVERSION = YES;
				GCC_WARN_ABOUT_MISSING_PROTOTYPES = YES;
				GCC_WARN_ABOUT_RETURN_TYPE = YES;
				GCC_WARN_UNUSED_VARIABLE = YES;
				MACOSX_DEPLOYMENT_TARGET = 10.7;
				SDKROOT = macosx;
			};
			name = Release;
		};
		2B3CCEB9153BCA540089E52B /* Debug */ = {
			isa = XCBuildConfiguration;
			buildSettings = {
				PRODUCT_NAME = "$(TARGET_NAME)";
			};
			name = Debug;
		};
		2B3CCEBA153BCA540089E52B /* Release */ = {
			isa = XCBuildConfiguration;
			buildSettings = {
				PRODUCT_NAME = "$(TARGET_NAME)";
			};
			name = Release;
		};
/* End XCBuildConfiguration section */

/* Begin XCConfigurationList section */
		2B3CCEA8153BCA540089E52B /* Build configuration list for PBXProject "[20120416] command" */ = {
			isa = XCConfigurationList;
			buildConfigurations = (
				2B3CCEB6153BCA540089E52B /* Debug */,
				2B3CCEB7153BCA540089E52B /* Release */,
			);
			defaultConfigurationIsVisible = 0;
			defaultConfigurationName = Release;
		};
		2B3CCEB8153BCA540089E52B /* Build configuration list for PBXNativeTarget "[20120416] command" */ = {
			isa = XCConfigurationList;
			buildConfigurations = (
				2B3CCEB9153BCA540089E52B /* Debug */,
				2B3CCEBA153BCA540089E52B /* Release */,
			);
			defaultConfigurationIsVisible = 0;
		};
/* End XCConfigurationList section */
	};
	rootObject = 2B3CCEA5153BCA540089E52B /* Project object */;
}
