// !$*UTF8*$!
{
	archiveVersion = 1;
	classes = {
	};
	objectVersion = 46;
	objects = {

/* Begin PBXBuildFile section */
		2BC6CAA3154C636900D3F348 /* main.c in Sources */ = {isa = PBXBuildFile; fileRef = 2BC6CAA2154C636900D3F348 /* main.c */; };
		2BC6CAA5154C636900D3F348 /* _20120429_7__mykill.1 in CopyFiles */ = {isa = PBXBuildFile; fileRef = 2BC6CAA4154C636900D3F348 /* _20120429_7__mykill.1 */; };
/* End PBXBuildFile section */

/* Begin PBXCopyFilesBuildPhase section */
		2BC6CA9C154C636900D3F348 /* CopyFiles */ = {
			isa = PBXCopyFilesBuildPhase;
			buildActionMask = 2147483647;
			dstPath = /usr/share/man/man1/;
			dstSubfolderSpec = 0;
			files = (
				2BC6CAA5154C636900D3F348 /* _20120429_7__mykill.1 in CopyFiles */,
			);
			runOnlyForDeploymentPostprocessing = 1;
		};
/* End PBXCopyFilesBuildPhase section */

/* Begin PBXFileReference section */
		2BC6CA9E154C636900D3F348 /* [20120429-7] mykill */ = {isa = PBXFileReference; explicitFileType = "compiled.mach-o.executable"; includeInIndex = 0; path = "[20120429-7] mykill"; sourceTree = BUILT_PRODUCTS_DIR; };
		2BC6CAA2154C636900D3F348 /* main.c */ = {isa = PBXFileReference; lastKnownFileType = sourcecode.c.c; path = main.c; sourceTree = "<group>"; };
		2BC6CAA4154C636900D3F348 /* _20120429_7__mykill.1 */ = {isa = PBXFileReference; lastKnownFileType = text.man; path = _20120429_7__mykill.1; sourceTree = "<group>"; };
/* End PBXFileReference section */

/* Begin PBXFrameworksBuildPhase section */
		2BC6CA9B154C636900D3F348 /* Frameworks */ = {
			isa = PBXFrameworksBuildPhase;
			buildActionMask = 2147483647;
			files = (
			);
			runOnlyForDeploymentPostprocessing = 0;
		};
/* End PBXFrameworksBuildPhase section */

/* Begin PBXGroup section */
		2BC6CA93154C636900D3F348 = {
			isa = PBXGroup;
			children = (
				2BC6CAA1154C636900D3F348 /* [20120429-7] mykill */,
				2BC6CA9F154C636900D3F348 /* Products */,
			);
			sourceTree = "<group>";
		};
		2BC6CA9F154C636900D3F348 /* Products */ = {
			isa = PBXGroup;
			children = (
				2BC6CA9E154C636900D3F348 /* [20120429-7] mykill */,
			);
			name = Products;
			sourceTree = "<group>";
		};
		2BC6CAA1154C636900D3F348 /* [20120429-7] mykill */ = {
			isa = PBXGroup;
			children = (
				2BC6CAA2154C636900D3F348 /* main.c */,
				2BC6CAA4154C636900D3F348 /* _20120429_7__mykill.1 */,
			);
			path = "[20120429-7] mykill";
			sourceTree = "<group>";
		};
/* End PBXGroup section */

/* Begin PBXNativeTarget section */
		2BC6CA9D154C636900D3F348 /* [20120429-7] mykill */ = {
			isa = PBXNativeTarget;
			buildConfigurationList = 2BC6CAA8154C636900D3F348 /* Build configuration list for PBXNativeTarget "[20120429-7] mykill" */;
			buildPhases = (
				2BC6CA9A154C636900D3F348 /* Sources */,
				2BC6CA9B154C636900D3F348 /* Frameworks */,
				2BC6CA9C154C636900D3F348 /* CopyFiles */,
			);
			buildRules = (
			);
			dependencies = (
			);
			name = "[20120429-7] mykill";
			productName = "[20120429-7] mykill";
			productReference = 2BC6CA9E154C636900D3F348 /* [20120429-7] mykill */;
			productType = "com.apple.product-type.tool";
		};
/* End PBXNativeTarget section */

/* Begin PBXProject section */
		2BC6CA95154C636900D3F348 /* Project object */ = {
			isa = PBXProject;
			attributes = {
				LastUpgradeCheck = 0430;
				ORGANIZATIONNAME = "家族";
			};
			buildConfigurationList = 2BC6CA98154C636900D3F348 /* Build configuration list for PBXProject "[20120429-7] mykill" */;
			compatibilityVersion = "Xcode 3.2";
			developmentRegion = English;
			hasScannedForEncodings = 0;
			knownRegions = (
				en,
			);
			mainGroup = 2BC6CA93154C636900D3F348;
			productRefGroup = 2BC6CA9F154C636900D3F348 /* Products */;
			projectDirPath = "";
			projectRoot = "";
			targets = (
				2BC6CA9D154C636900D3F348 /* [20120429-7] mykill */,
			);
		};
/* End PBXProject section */

/* Begin PBXSourcesBuildPhase section */
		2BC6CA9A154C636900D3F348 /* Sources */ = {
			isa = PBXSourcesBuildPhase;
			buildActionMask = 2147483647;
			files = (
				2BC6CAA3154C636900D3F348 /* main.c in Sources */,
			);
			runOnlyForDeploymentPostprocessing = 0;
		};
/* End PBXSourcesBuildPhase section */

/* Begin XCBuildConfiguration section */
		2BC6CAA6154C636900D3F348 /* Debug */ = {
			isa = XCBuildConfiguration;
			buildSettings = {
				ALWAYS_SEARCH_USER_PATHS = NO;
				ARCHS = "$(ARCHS_STANDARD_64_BIT)";
				CLANG_ENABLE_OBJC_ARC = YES;
				COPY_PHASE_STRIP = NO;
				GCC_C_LANGUAGE_STANDARD = gnu99;
				GCC_DYNAMIC_NO_PIC = NO;
				GCC_ENABLE_OBJC_EXCEPTIONS = YES;
				GCC_OPTIMIZATION_LEVEL = 0;
				GCC_PREPROCESSOR_DEFINITIONS = (
					"DEBUG=1",
					"$(inherited)",
				);
				GCC_SYMBOLS_PRIVATE_EXTERN = NO;
				GCC_VERSION = com.apple.compilers.llvm.clang.1_0;
				GCC_WARN_64_TO_32_BIT_CONVERSION = YES;
				GCC_WARN_ABOUT_RETURN_TYPE = YES;
				GCC_WARN_UNINITIALIZED_AUTOS = YES;
				GCC_WARN_UNUSED_VARIABLE = YES;
				MACOSX_DEPLOYMENT_TARGET = 10.7;
				ONLY_ACTIVE_ARCH = YES;
				SDKROOT = macosx;
			};
			name = Debug;
		};
		2BC6CAA7154C636900D3F348 /* Release */ = {
			isa = XCBuildConfiguration;
			buildSettings = {
				ALWAYS_SEARCH_USER_PATHS = NO;
				ARCHS = "$(ARCHS_STANDARD_64_BIT)";
				CLANG_ENABLE_OBJC_ARC = YES;
				COPY_PHASE_STRIP = YES;
				DEBUG_INFORMATION_FORMAT = "dwarf-with-dsym";
				GCC_C_LANGUAGE_STANDARD = gnu99;
				GCC_ENABLE_OBJC_EXCEPTIONS = YES;
				GCC_VERSION = com.apple.compilers.llvm.clang.1_0;
				GCC_WARN_64_TO_32_BIT_CONVERSION = YES;
				GCC_WARN_ABOUT_RETURN_TYPE = YES;
				GCC_WARN_UNINITIALIZED_AUTOS = YES;
				GCC_WARN_UNUSED_VARIABLE = YES;
				MACOSX_DEPLOYMENT_TARGET = 10.7;
				SDKROOT = macosx;
			};
			name = Release;
		};
		2BC6CAA9154C636900D3F348 /* Debug */ = {
			isa = XCBuildConfiguration;
			buildSettings = {
				PRODUCT_NAME = "$(TARGET_NAME)";
			};
			name = Debug;
		};
		2BC6CAAA154C636900D3F348 /* Release */ = {
			isa = XCBuildConfiguration;
			buildSettings = {
				PRODUCT_NAME = "$(TARGET_NAME)";
			};
			name = Release;
		};
/* End XCBuildConfiguration section */

/* Begin XCConfigurationList section */
		2BC6CA98154C636900D3F348 /* Build configuration list for PBXProject "[20120429-7] mykill" */ = {
			isa = XCConfigurationList;
			buildConfigurations = (
				2BC6CAA6154C636900D3F348 /* Debug */,
				2BC6CAA7154C636900D3F348 /* Release */,
			);
			defaultConfigurationIsVisible = 0;
			defaultConfigurationName = Release;
		};
		2BC6CAA8154C636900D3F348 /* Build configuration list for PBXNativeTarget "[20120429-7] mykill" */ = {
			isa = XCConfigurationList;
			buildConfigurations = (
				2BC6CAA9154C636900D3F348 /* Debug */,
				2BC6CAAA154C636900D3F348 /* Release */,
			);
			defaultConfigurationIsVisible = 0;
		};
/* End XCConfigurationList section */
	};
	rootObject = 2BC6CA95154C636900D3F348 /* Project object */;
}
